
Microsoft Visual Studio Solution File, Format Version 12.00
# Visual Studio 15
VisualStudioVersion = 15.0.26730.16
MinimumVisualStudioVersion = 10.0.40219.1
Project("{FAE04EC0-301F-11D3-BF4B-00C04F79EFBC}") = "DockerWebApp", "DockerWebApp\DockerWebApp.csproj", "{AF107DFB-9C56-454F-A172-D821B16E8748}"
EndProject
Project("{E53339B2-1760-4266-BCC7-CA923CBCF16C}") = "docker-compose", "DockerWebApp\docker-compose.dcproj", "{C39762B7-82F5-4711-9C44-9AA844913E52}"
EndProject
Global
	GlobalSection(SolutionConfigurationPlatforms) = preSolution
		Debug|Any CPU = Debug|Any CPU
		Release|Any CPU = Release|Any CPU
	EndGlobalSection
	GlobalSection(ProjectConfigurationPlatforms) = postSolution
		{AF107DFB-9C56-454F-A172-D821B16E8748}.Debug|Any CPU.ActiveCfg = Debug|Any CPU
		{AF107DFB-9C56-454F-A172-D821B16E8748}.Debug|Any CPU.Build.0 = Debug|Any CPU
		{AF107DFB-9C56-454F-A172-D821B16E8748}.Release|Any CPU.ActiveCfg = Release|Any CPU
		{AF107DFB-9C56-454F-A172-D821B16E8748}.Release|Any CPU.Build.0 = Release|Any CPU
		{C39762B7-82F5-4711-9C44-9AA844913E52}.Debug|Any CPU.ActiveCfg = Debug|Any CPU
		{C39762B7-82F5-4711-9C44-9AA844913E52}.Debug|Any CPU.Build.0 = Debug|Any CPU
		{C39762B7-82F5-4711-9C44-9AA844913E52}.Release|Any CPU.ActiveCfg = Release|Any CPU
		{C39762B7-82F5-4711-9C44-9AA844913E52}.Release|Any CPU.Build.0 = Release|Any CPU
	EndGlobalSection
	GlobalSection(SolutionProperties) = preSolution
		HideSolutionNode = FALSE
	EndGlobalSection
	GlobalSection(ExtensibilityGlobals) = postSolution
		SolutionGuid = {0E80CDB2-F66E-4CC4-88C2-7F29CEE63B96}
	EndGlobalSection
EndGlobal
